
Microsoft Visual Studio Solution File, Format Version 12.00
# Visual Studio Version 16
VisualStudioVersion = 16.0.30225.117
MinimumVisualStudioVersion = 10.0.40219.1
Project("{FAE04EC0-301F-11D3-BF4B-00C04F79EFBC}") = "WindowsFormsApp75", "WindowsFormsApp75\WindowsFormsApp75.csproj", "{65FA13CF-6B71-4D5F-840F-D276CD431154}"
EndProject
Global
	GlobalSection(SolutionConfigurationPlatforms) = preSolution
		Debug|Any CPU = Debug|Any CPU
		Release|Any CPU = Release|Any CPU
	EndGlobalSection
	GlobalSection(ProjectConfigurationPlatforms) = postSolution
		{65FA13CF-6B71-4D5F-840F-D276CD431154}.Debug|Any CPU.ActiveCfg = Debug|Any CPU
		{65FA13CF-6B71-4D5F-840F-D276CD431154}.Debug|Any CPU.Build.0 = Debug|Any CPU
		{65FA13CF-6B71-4D5F-840F-D276CD431154}.Release|Any CPU.ActiveCfg = Release|Any CPU
		{65FA13CF-6B71-4D5F-840F-D276CD431154}.Release|Any CPU.Build.0 = Release|Any CPU
	EndGlobalSection
	GlobalSection(SolutionProperties) = preSolution
		HideSolutionNode = FALSE
	EndGlobalSection
	GlobalSection(ExtensibilityGlobals) = postSolution
		SolutionGuid = {C97E96B5-D447-47C7-88A3-80C8A6E091EC}
	EndGlobalSection
EndGlobal
